// !$*UTF8*$!
{
	archiveVersion = 1;
	classes = {
	};
	objectVersion = 48;
	objects = {

/* Begin PBXBuildFile section */
		00B3896820883A7A00B668CA /* AppDelegate.m in Sources */ = {isa = PBXBuildFile; fileRef = 00B3896720883A7A00B668CA /* AppDelegate.m */; };
		00B3896E20883A7A00B668CA /* Main.storyboard in Resources */ = {isa = PBXBuildFile; fileRef = 00B3896C20883A7A00B668CA /* Main.storyboard */; };
		00B3897020883A7A00B668CA /* Assets.xcassets in Resources */ = {isa = PBXBuildFile; fileRef = 00B3896F20883A7A00B668CA /* Assets.xcassets */; };
		00B3897320883A7A00B668CA /* LaunchScreen.storyboard in Resources */ = {isa = PBXBuildFile; fileRef = 00B3897120883A7A00B668CA /* LaunchScreen.storyboard */; };
		00B3897620883A7A00B668CA /* main.m in Sources */ = {isa = PBXBuildFile; fileRef = 00B3897520883A7A00B668CA /* main.m */; };
		00B3899120883B8000B668CA /* StoryBoardViewControllerTests.m in Sources */ = {isa = PBXBuildFile; fileRef = 00B3898A20883B8000B668CA /* StoryBoardViewControllerTests.m */; };
		00B3899220883B8000B668CA /* CustomViewTests.m in Sources */ = {isa = PBXBuildFile; fileRef = 00B3898B20883B8000B668CA /* CustomViewTests.m */; };
		00B3899320883B8000B668CA /* CustomView+UITest.m in Sources */ = {isa = PBXBuildFile; fileRef = 00B3898E20883B8000B668CA /* CustomView+UITest.m */; };
		00B3899420883B8000B668CA /* StoryBoardViewController+UITest.m in Sources */ = {isa = PBXBuildFile; fileRef = 00B3899020883B8000B668CA /* StoryBoardViewController+UITest.m */; };
		00B3899A20883B9000B668CA /* StoryBoardViewController.m in Sources */ = {isa = PBXBuildFile; fileRef = 00B3899520883B9000B668CA /* StoryBoardViewController.m */; };
		00B3899B20883B9000B668CA /* CustomView.xib in Resources */ = {isa = PBXBuildFile; fileRef = 00B3899620883B9000B668CA /* CustomView.xib */; };
		00B3899C20883B9000B668CA /* CustomView.m in Sources */ = {isa = PBXBuildFile; fileRef = 00B3899720883B9000B668CA /* CustomView.m */; };
		149757D45315860441094044 /* Pods_LayoutTest.framework in Frameworks */ = {isa = PBXBuildFile; fileRef = 742BD7E169D7FF8CD600FF72 /* Pods_LayoutTest.framework */; };
		245D7F42B86A47B4DBE38804 /* Pods_LayoutTestTests.framework in Frameworks */ = {isa = PBXBuildFile; fileRef = F92ACB8F15295F2AACD7D86C /* Pods_LayoutTestTests.framework */; };
/* End PBXBuildFile section */

/* Begin PBXContainerItemProxy section */
		00B3897C20883A7A00B668CA /* PBXContainerItemProxy */ = {
			isa = PBXContainerItemProxy;
			containerPortal = 00B3895B20883A7A00B668CA /* Project object */;
			proxyType = 1;
			remoteGlobalIDString = 00B3896220883A7A00B668CA;
			remoteInfo = LayoutTest;
		};
/* End PBXContainerItemProxy section */

/* Begin PBXFileReference section */
		00B3896320883A7A00B668CA /* LayoutTest.app */ = {isa = PBXFileReference; explicitFileType = wrapper.application; includeInIndex = 0; path = LayoutTest.app; sourceTree = BUILT_PRODUCTS_DIR; };
		00B3896620883A7A00B668CA /* AppDelegate.h */ = {isa = PBXFileReference; lastKnownFileType = sourcecode.c.h; path = AppDelegate.h; sourceTree = "<group>"; };
		00B3896720883A7A00B668CA /* AppDelegate.m */ = {isa = PBXFileReference; lastKnownFileType = sourcecode.c.objc; path = AppDelegate.m; sourceTree = "<group>"; };
		00B3896D20883A7A00B668CA /* Base */ = {isa = PBXFileReference; lastKnownFileType = file.storyboard; name = Base; path = Base.lproj/Main.storyboard; sourceTree = "<group>"; };
		00B3896F20883A7A00B668CA /* Assets.xcassets */ = {isa = PBXFileReference; lastKnownFileType = folder.assetcatalog; path = Assets.xcassets; sourceTree = "<group>"; };
		00B3897220883A7A00B668CA /* Base */ = {isa = PBXFileReference; lastKnownFileType = file.storyboard; name = Base; path = Base.lproj/LaunchScreen.storyboard; sourceTree = "<group>"; };
		00B3897420883A7A00B668CA /* Info.plist */ = {isa = PBXFileReference; lastKnownFileType = text.plist.xml; path = Info.plist; sourceTree = "<group>"; };
		00B3897520883A7A00B668CA /* main.m */ = {isa = PBXFileReference; lastKnownFileType = sourcecode.c.objc; path = main.m; sourceTree = "<group>"; };
		00B3897B20883A7A00B668CA /* LayoutTestTests.xctest */ = {isa = PBXFileReference; explicitFileType = wrapper.cfbundle; includeInIndex = 0; path = LayoutTestTests.xctest; sourceTree = BUILT_PRODUCTS_DIR; };
		00B3898120883A7A00B668CA /* Info.plist */ = {isa = PBXFileReference; lastKnownFileType = text.plist.xml; path = Info.plist; sourceTree = "<group>"; };
		00B3898A20883B8000B668CA /* StoryBoardViewControllerTests.m */ = {isa = PBXFileReference; fileEncoding = 4; lastKnownFileType = sourcecode.c.objc; path = StoryBoardViewControllerTests.m; sourceTree = "<group>"; };
		00B3898B20883B8000B668CA /* CustomViewTests.m */ = {isa = PBXFileReference; fileEncoding = 4; lastKnownFileType = sourcecode.c.objc; path = CustomViewTests.m; sourceTree = "<group>"; };
		00B3898D20883B8000B668CA /* CustomView+UITest.h */ = {isa = PBXFileReference; fileEncoding = 4; lastKnownFileType = sourcecode.c.h; path = "CustomView+UITest.h"; sourceTree = "<group>"; };
		00B3898E20883B8000B668CA /* CustomView+UITest.m */ = {isa = PBXFileReference; fileEncoding = 4; lastKnownFileType = sourcecode.c.objc; path = "CustomView+UITest.m"; sourceTree = "<group>"; };
		00B3898F20883B8000B668CA /* StoryBoardViewController+UITest.h */ = {isa = PBXFileReference; fileEncoding = 4; lastKnownFileType = sourcecode.c.h; path = "StoryBoardViewController+UITest.h"; sourceTree = "<group>"; };
		00B3899020883B8000B668CA /* StoryBoardViewController+UITest.m */ = {isa = PBXFileReference; fileEncoding = 4; lastKnownFileType = sourcecode.c.objc; path = "StoryBoardViewController+UITest.m"; sourceTree = "<group>"; };
		00B3899520883B9000B668CA /* StoryBoardViewController.m */ = {isa = PBXFileReference; fileEncoding = 4; lastKnownFileType = sourcecode.c.objc; path = StoryBoardViewController.m; sourceTree = "<group>"; };
		00B3899620883B9000B668CA /* CustomView.xib */ = {isa = PBXFileReference; fileEncoding = 4; lastKnownFileType = file.xib; path = CustomView.xib; sourceTree = "<group>"; };
		00B3899720883B9000B668CA /* CustomView.m */ = {isa = PBXFileReference; fileEncoding = 4; lastKnownFileType = sourcecode.c.objc; path = CustomView.m; sourceTree = "<group>"; };
		00B3899820883B9000B668CA /* StoryBoardViewController.h */ = {isa = PBXFileReference; fileEncoding = 4; lastKnownFileType = sourcecode.c.h; path = StoryBoardViewController.h; sourceTree = "<group>"; };
		00B3899920883B9000B668CA /* CustomView.h */ = {isa = PBXFileReference; fileEncoding = 4; lastKnownFileType = sourcecode.c.h; path = CustomView.h; sourceTree = "<group>"; };
		0C4606CCE7A4EBE0ACA62A1E /* Pods-LayoutTest.debug.xcconfig */ = {isa = PBXFileReference; includeInIndex = 1; lastKnownFileType = text.xcconfig; name = "Pods-LayoutTest.debug.xcconfig"; path = "Pods/Target Support Files/Pods-LayoutTest/Pods-LayoutTest.debug.xcconfig"; sourceTree = "<group>"; };
		1A166ED81BC24DEC3C3CF5A0 /* Pods-LayoutTest.release.xcconfig */ = {isa = PBXFileReference; includeInIndex = 1; lastKnownFileType = text.xcconfig; name = "Pods-LayoutTest.release.xcconfig"; path = "Pods/Target Support Files/Pods-LayoutTest/Pods-LayoutTest.release.xcconfig"; sourceTree = "<group>"; };
		6809FEB8208051D17F99A062 /* Pods-LayoutTestTests.release.xcconfig */ = {isa = PBXFileReference; includeInIndex = 1; lastKnownFileType = text.xcconfig; name = "Pods-LayoutTestTests.release.xcconfig"; path = "Pods/Target Support Files/Pods-LayoutTestTests/Pods-LayoutTestTests.release.xcconfig"; sourceTree = "<group>"; };
		742BD7E169D7FF8CD600FF72 /* Pods_LayoutTest.framework */ = {isa = PBXFileReference; explicitFileType = wrapper.framework; includeInIndex = 0; path = Pods_LayoutTest.framework; sourceTree = BUILT_PRODUCTS_DIR; };
		8833C01FE2CB33B71560F1B7 /* Pods-LayoutTestTests.debug.xcconfig */ = {isa = PBXFileReference; includeInIndex = 1; lastKnownFileType = text.xcconfig; name = "Pods-LayoutTestTests.debug.xcconfig"; path = "Pods/Target Support Files/Pods-LayoutTestTests/Pods-LayoutTestTests.debug.xcconfig"; sourceTree = "<group>"; };
		F92ACB8F15295F2AACD7D86C /* Pods_LayoutTestTests.framework */ = {isa = PBXFileReference; explicitFileType = wrapper.framework; includeInIndex = 0; path = Pods_LayoutTestTests.framework; sourceTree = BUILT_PRODUCTS_DIR; };
/* End PBXFileReference section */

/* Begin PBXFrameworksBuildPhase section */
		00B3896020883A7A00B668CA /* Frameworks */ = {
			isa = PBXFrameworksBuildPhase;
			buildActionMask = 2147483647;
			files = (
				149757D45315860441094044 /* Pods_LayoutTest.framework in Frameworks */,
			);
			runOnlyForDeploymentPostprocessing = 0;
		};
		00B3897820883A7A00B668CA /* Frameworks */ = {
			isa = PBXFrameworksBuildPhase;
			buildActionMask = 2147483647;
			files = (
				245D7F42B86A47B4DBE38804 /* Pods_LayoutTestTests.framework in Frameworks */,
			);
			runOnlyForDeploymentPostprocessing = 0;
		};
/* End PBXFrameworksBuildPhase section */

/* Begin PBXGroup section */
		00B3895A20883A7A00B668CA = {
			isa = PBXGroup;
			children = (
				00B3896520883A7A00B668CA /* LayoutTest */,
				00B3897E20883A7A00B668CA /* LayoutTestTests */,
				00B3896420883A7A00B668CA /* Products */,
				C8A829F6D0EAA2A94F3D0050 /* Pods */,
				EFF758253E6ED5E39DBA0765 /* Frameworks */,
			);
			sourceTree = "<group>";
		};
		00B3896420883A7A00B668CA /* Products */ = {
			isa = PBXGroup;
			children = (
				00B3896320883A7A00B668CA /* LayoutTest.app */,
				00B3897B20883A7A00B668CA /* LayoutTestTests.xctest */,
			);
			name = Products;
			sourceTree = "<group>";
		};
		00B3896520883A7A00B668CA /* LayoutTest */ = {
			isa = PBXGroup;
			children = (
				00B3896620883A7A00B668CA /* AppDelegate.h */,
				00B3896720883A7A00B668CA /* AppDelegate.m */,
				00B3899820883B9000B668CA /* StoryBoardViewController.h */,
				00B3899520883B9000B668CA /* StoryBoardViewController.m */,
				00B3896C20883A7A00B668CA /* Main.storyboard */,
				00B3899920883B9000B668CA /* CustomView.h */,
				00B3899720883B9000B668CA /* CustomView.m */,
				00B3899620883B9000B668CA /* CustomView.xib */,
				00B3896F20883A7A00B668CA /* Assets.xcassets */,
				00B3897120883A7A00B668CA /* LaunchScreen.storyboard */,
				00B3897420883A7A00B668CA /* Info.plist */,
				00B3897520883A7A00B668CA /* main.m */,
			);
			path = LayoutTest;
			sourceTree = "<group>";
		};
		00B3897E20883A7A00B668CA /* LayoutTestTests */ = {
			isa = PBXGroup;
			children = (
				00B3898C20883B8000B668CA /* UITest_Categories */,
				00B3898B20883B8000B668CA /* CustomViewTests.m */,
				00B3898A20883B8000B668CA /* StoryBoardViewControllerTests.m */,
				00B3898120883A7A00B668CA /* Info.plist */,
			);
			path = LayoutTestTests;
			sourceTree = "<group>";
		};
		00B3898C20883B8000B668CA /* UITest_Categories */ = {
			isa = PBXGroup;
			children = (
				00B3898D20883B8000B668CA /* CustomView+UITest.h */,
				00B3898E20883B8000B668CA /* CustomView+UITest.m */,
				00B3898F20883B8000B668CA /* StoryBoardViewController+UITest.h */,
				00B3899020883B8000B668CA /* StoryBoardViewController+UITest.m */,
			);
			path = UITest_Categories;
			sourceTree = "<group>";
		};
		C8A829F6D0EAA2A94F3D0050 /* Pods */ = {
			isa = PBXGroup;
			children = (
				0C4606CCE7A4EBE0ACA62A1E /* Pods-LayoutTest.debug.xcconfig */,
				1A166ED81BC24DEC3C3CF5A0 /* Pods-LayoutTest.release.xcconfig */,
				8833C01FE2CB33B71560F1B7 /* Pods-LayoutTestTests.debug.xcconfig */,
				6809FEB8208051D17F99A062 /* Pods-LayoutTestTests.release.xcconfig */,
			);
			name = Pods;
			sourceTree = "<group>";
		};
		EFF758253E6ED5E39DBA0765 /* Frameworks */ = {
			isa = PBXGroup;
			children = (
				742BD7E169D7FF8CD600FF72 /* Pods_LayoutTest.framework */,
				F92ACB8F15295F2AACD7D86C /* Pods_LayoutTestTests.framework */,
			);
			name = Frameworks;
			sourceTree = "<group>";
		};
/* End PBXGroup section */

/* Begin PBXNativeTarget section */
		00B3896220883A7A00B668CA /* LayoutTest */ = {
			isa = PBXNativeTarget;
			buildConfigurationList = 00B3898420883A7A00B668CA /* Build configuration list for PBXNativeTarget "LayoutTest" */;
			buildPhases = (
				E4A5FB8BC43DA408B72E9062 /* [CP] Check Pods Manifest.lock */,
				00B3895F20883A7A00B668CA /* Sources */,
				00B3896020883A7A00B668CA /* Frameworks */,
				00B3896120883A7A00B668CA /* Resources */,
				38D924E49444DD9E1DDCB215 /* [CP] Embed Pods Frameworks */,
				70F4943A333CA5C73A6399A9 /* [CP] Copy Pods Resources */,
			);
			buildRules = (
			);
			dependencies = (
			);
			name = LayoutTest;
			productName = LayoutTest;
			productReference = 00B3896320883A7A00B668CA /* LayoutTest.app */;
			productType = "com.apple.product-type.application";
		};
		00B3897A20883A7A00B668CA /* LayoutTestTests */ = {
			isa = PBXNativeTarget;
			buildConfigurationList = 00B3898720883A7A00B668CA /* Build configuration list for PBXNativeTarget "LayoutTestTests" */;
			buildPhases = (
				8CD6539BBBA4F40395B7D82D /* [CP] Check Pods Manifest.lock */,
				00B3897720883A7A00B668CA /* Sources */,
				00B3897820883A7A00B668CA /* Frameworks */,
				00B3897920883A7A00B668CA /* Resources */,
				3B3E375EC59B14537AF0B035 /* [CP] Embed Pods Frameworks */,
				38E8BCF0607F074EC3468C21 /* [CP] Copy Pods Resources */,
			);
			buildRules = (
			);
			dependencies = (
				00B3897D20883A7A00B668CA /* PBXTargetDependency */,
			);
			name = LayoutTestTests;
			productName = LayoutTestTests;
			productReference = 00B3897B20883A7A00B668CA /* LayoutTestTests.xctest */;
			productType = "com.apple.product-type.bundle.unit-test";
		};
/* End PBXNativeTarget section */

/* Begin PBXProject section */
		00B3895B20883A7A00B668CA /* Project object */ = {
			isa = PBXProject;
			attributes = {
				LastUpgradeCheck = 0900;
				ORGANIZATIONNAME = congpc.ios;
				TargetAttributes = {
					00B3896220883A7A00B668CA = {
						CreatedOnToolsVersion = 9.0;
						ProvisioningStyle = Automatic;
					};
					00B3897A20883A7A00B668CA = {
						CreatedOnToolsVersion = 9.0;
						ProvisioningStyle = Automatic;
						TestTargetID = 00B3896220883A7A00B668CA;
					};
				};
			};
			buildConfigurationList = 00B3895E20883A7A00B668CA /* Build configuration list for PBXProject "LayoutTest" */;
			compatibilityVersion = "Xcode 8.0";
			developmentRegion = en;
			hasScannedForEncodings = 0;
			knownRegions = (
				en,
				Base,
			);
			mainGroup = 00B3895A20883A7A00B668CA;
			productRefGroup = 00B3896420883A7A00B668CA /* Products */;
			projectDirPath = "";
			projectRoot = "";
			targets = (
				00B3896220883A7A00B668CA /* LayoutTest */,
				00B3897A20883A7A00B668CA /* LayoutTestTests */,
			);
		};
/* End PBXProject section */

/* Begin PBXResourcesBuildPhase section */
		00B3896120883A7A00B668CA /* Resources */ = {
			isa = PBXResourcesBuildPhase;
			buildActionMask = 2147483647;
			files = (
				00B3897320883A7A00B668CA /* LaunchScreen.storyboard in Resources */,
				00B3899B20883B9000B668CA /* CustomView.xib in Resources */,
				00B3897020883A7A00B668CA /* Assets.xcassets in Resources */,
				00B3896E20883A7A00B668CA /* Main.storyboard in Resources */,
			);
			runOnlyForDeploymentPostprocessing = 0;
		};
		00B3897920883A7A00B668CA /* Resources */ = {
			isa = PBXResourcesBuildPhase;
			buildActionMask = 2147483647;
			files = (
			);
			runOnlyForDeploymentPostprocessing = 0;
		};
/* End PBXResourcesBuildPhase section */

/* Begin PBXShellScriptBuildPhase section */
		38D924E49444DD9E1DDCB215 /* [CP] Embed Pods Frameworks */ = {
			isa = PBXShellScriptBuildPhase;
			buildActionMask = 2147483647;
			files = (
			);
			inputPaths = (
				"${SRCROOT}/Pods/Target Support Files/Pods-LayoutTest/Pods-LayoutTest-frameworks.sh",
				"${BUILT_PRODUCTS_DIR}/LayoutTestBase/LayoutTestBase.framework",
			);
			name = "[CP] Embed Pods Frameworks";
			outputPaths = (
				"${TARGET_BUILD_DIR}/${FRAMEWORKS_FOLDER_PATH}/LayoutTestBase.framework",
			);
			runOnlyForDeploymentPostprocessing = 0;
			shellPath = /bin/sh;
			shellScript = "\"${SRCROOT}/Pods/Target Support Files/Pods-LayoutTest/Pods-LayoutTest-frameworks.sh\"\n";
			showEnvVarsInLog = 0;
		};
		38E8BCF0607F074EC3468C21 /* [CP] Copy Pods Resources */ = {
			isa = PBXShellScriptBuildPhase;
			buildActionMask = 2147483647;
			files = (
			);
			inputPaths = (
			);
			name = "[CP] Copy Pods Resources";
			outputPaths = (
			);
			runOnlyForDeploymentPostprocessing = 0;
			shellPath = /bin/sh;
			shellScript = "\"${SRCROOT}/Pods/Target Support Files/Pods-LayoutTestTests/Pods-LayoutTestTests-resources.sh\"\n";
			showEnvVarsInLog = 0;
		};
		3B3E375EC59B14537AF0B035 /* [CP] Embed Pods Frameworks */ = {
			isa = PBXShellScriptBuildPhase;
			buildActionMask = 2147483647;
			files = (
			);
			inputPaths = (
				"${SRCROOT}/Pods/Target Support Files/Pods-LayoutTestTests/Pods-LayoutTestTests-frameworks.sh",
				"${BUILT_PRODUCTS_DIR}/LayoutTestBase/LayoutTestBase.framework",
				"${BUILT_PRODUCTS_DIR}/LayoutTest/LayoutTest.framework",
			);
			name = "[CP] Embed Pods Frameworks";
			outputPaths = (
				"${TARGET_BUILD_DIR}/${FRAMEWORKS_FOLDER_PATH}/LayoutTestBase.framework",
				"${TARGET_BUILD_DIR}/${FRAMEWORKS_FOLDER_PATH}/LayoutTest.framework",
			);
			runOnlyForDeploymentPostprocessing = 0;
			shellPath = /bin/sh;
			shellScript = "\"${SRCROOT}/Pods/Target Support Files/Pods-LayoutTestTests/Pods-LayoutTestTests-frameworks.sh\"\n";
			showEnvVarsInLog = 0;
		};
		70F4943A333CA5C73A6399A9 /* [CP] Copy Pods Resources */ = {
			isa = PBXShellScriptBuildPhase;
			buildActionMask = 2147483647;
			files = (
			);
			inputPaths = (
			);
			name = "[CP] Copy Pods Resources";
			outputPaths = (
			);
			runOnlyForDeploymentPostprocessing = 0;
			shellPath = /bin/sh;
			shellScript = "\"${SRCROOT}/Pods/Target Support Files/Pods-LayoutTest/Pods-LayoutTest-resources.sh\"\n";
			showEnvVarsInLog = 0;
		};
		8CD6539BBBA4F40395B7D82D /* [CP] Check Pods Manifest.lock */ = {
			isa = PBXShellScriptBuildPhase;
			buildActionMask = 2147483647;
			files = (
			);
			inputPaths = (
				"${PODS_PODFILE_DIR_PATH}/Podfile.lock",
				"${PODS_ROOT}/Manifest.lock",
			);
			name = "[CP] Check Pods Manifest.lock";
			outputPaths = (
				"$(DERIVED_FILE_DIR)/Pods-LayoutTestTests-checkManifestLockResult.txt",
			);
			runOnlyForDeploymentPostprocessing = 0;
			shellPath = /bin/sh;
			shellScript = "diff \"${PODS_PODFILE_DIR_PATH}/Podfile.lock\" \"${PODS_ROOT}/Manifest.lock\" > /dev/null\nif [ $? != 0 ] ; then\n    # print error to STDERR\n    echo \"error: The sandbox is not in sync with the Podfile.lock. Run 'pod install' or update your CocoaPods installation.\" >&2\n    exit 1\nfi\n# This output is used by Xcode 'outputs' to avoid re-running this script phase.\necho \"SUCCESS\" > \"${SCRIPT_OUTPUT_FILE_0}\"\n";
			showEnvVarsInLog = 0;
		};
		E4A5FB8BC43DA408B72E9062 /* [CP] Check Pods Manifest.lock */ = {
			isa = PBXShellScriptBuildPhase;
			buildActionMask = 2147483647;
			files = (
			);
			inputPaths = (
				"${PODS_PODFILE_DIR_PATH}/Podfile.lock",
				"${PODS_ROOT}/Manifest.lock",
			);
			name = "[CP] Check Pods Manifest.lock";
			outputPaths = (
				"$(DERIVED_FILE_DIR)/Pods-LayoutTest-checkManifestLockResult.txt",
			);
			runOnlyForDeploymentPostprocessing = 0;
			shellPath = /bin/sh;
			shellScript = "diff \"${PODS_PODFILE_DIR_PATH}/Podfile.lock\" \"${PODS_ROOT}/Manifest.lock\" > /dev/null\nif [ $? != 0 ] ; then\n    # print error to STDERR\n    echo \"error: The sandbox is not in sync with the Podfile.lock. Run 'pod install' or update your CocoaPods installation.\" >&2\n    exit 1\nfi\n# This output is used by Xcode 'outputs' to avoid re-running this script phase.\necho \"SUCCESS\" > \"${SCRIPT_OUTPUT_FILE_0}\"\n";
			showEnvVarsInLog = 0;
		};
/* End PBXShellScriptBuildPhase section */

/* Begin PBXSourcesBuildPhase section */
		00B3895F20883A7A00B668CA /* Sources */ = {
			isa = PBXSourcesBuildPhase;
			buildActionMask = 2147483647;
			files = (
				00B3897620883A7A00B668CA /* main.m in Sources */,
				00B3899C20883B9000B668CA /* CustomView.m in Sources */,
				00B3896820883A7A00B668CA /* AppDelegate.m in Sources */,
				00B3899A20883B9000B668CA /* StoryBoardViewController.m in Sources */,
			);
			runOnlyForDeploymentPostprocessing = 0;
		};
		00B3897720883A7A00B668CA /* Sources */ = {
			isa = PBXSourcesBuildPhase;
			buildActionMask = 2147483647;
			files = (
				00B3899320883B8000B668CA /* CustomView+UITest.m in Sources */,
				00B3899120883B8000B668CA /* StoryBoardViewControllerTests.m in Sources */,
				00B3899220883B8000B668CA /* CustomViewTests.m in Sources */,
				00B3899420883B8000B668CA /* StoryBoardViewController+UITest.m in Sources */,
			);
			runOnlyForDeploymentPostprocessing = 0;
		};
/* End PBXSourcesBuildPhase section */

/* Begin PBXTargetDependency section */
		00B3897D20883A7A00B668CA /* PBXTargetDependency */ = {
			isa = PBXTargetDependency;
			target = 00B3896220883A7A00B668CA /* LayoutTest */;
			targetProxy = 00B3897C20883A7A00B668CA /* PBXContainerItemProxy */;
		};
/* End PBXTargetDependency section */

/* Begin PBXVariantGroup section */
		00B3896C20883A7A00B668CA /* Main.storyboard */ = {
			isa = PBXVariantGroup;
			children = (
				00B3896D20883A7A00B668CA /* Base */,
			);
			name = Main.storyboard;
			sourceTree = "<group>";
		};
		00B3897120883A7A00B668CA /* LaunchScreen.storyboard */ = {
			isa = PBXVariantGroup;
			children = (
				00B3897220883A7A00B668CA /* Base */,
			);
			name = LaunchScreen.storyboard;
			sourceTree = "<group>";
		};
/* End PBXVariantGroup section */

/* Begin XCBuildConfiguration section */
		00B3898220883A7A00B668CA /* Debug */ = {
			isa = XCBuildConfiguration;
			buildSettings = {
				ALWAYS_SEARCH_USER_PATHS = NO;
				CLANG_ANALYZER_NONNULL = YES;
				CLANG_ANALYZER_NUMBER_OBJECT_CONVERSION = YES_AGGRESSIVE;
				CLANG_CXX_LANGUAGE_STANDARD = "gnu++14";
				CLANG_CXX_LIBRARY = "libc++";
				CLANG_ENABLE_MODULES = YES;
				CLANG_ENABLE_OBJC_ARC = YES;
				CLANG_WARN_BLOCK_CAPTURE_AUTORELEASING = YES;
				CLANG_WARN_BOOL_CONVERSION = YES;
				CLANG_WARN_COMMA = YES;
				CLANG_WARN_CONSTANT_CONVERSION = YES;
				CLANG_WARN_DIRECT_OBJC_ISA_USAGE = YES_ERROR;
				CLANG_WARN_DOCUMENTATION_COMMENTS = YES;
				CLANG_WARN_EMPTY_BODY = YES;
				CLANG_WARN_ENUM_CONVERSION = YES;
				CLANG_WARN_INFINITE_RECURSION = YES;
				CLANG_WARN_INT_CONVERSION = YES;
				CLANG_WARN_NON_LITERAL_NULL_CONVERSION = YES;
				CLANG_WARN_OBJC_LITERAL_CONVERSION = YES;
				CLANG_WARN_OBJC_ROOT_CLASS = YES_ERROR;
				CLANG_WARN_RANGE_LOOP_ANALYSIS = YES;
				CLANG_WARN_STRICT_PROTOTYPES = YES;
				CLANG_WARN_SUSPICIOUS_MOVE = YES;
				CLANG_WARN_UNGUARDED_AVAILABILITY = YES_AGGRESSIVE;
				CLANG_WARN_UNREACHABLE_CODE = YES;
				CLANG_WARN__DUPLICATE_METHOD_MATCH = YES;
				CODE_SIGN_IDENTITY = "iPhone Developer";
				COPY_PHASE_STRIP = NO;
				DEBUG_INFORMATION_FORMAT = dwarf;
				ENABLE_STRICT_OBJC_MSGSEND = YES;
				ENABLE_TESTABILITY = YES;
				GCC_C_LANGUAGE_STANDARD = gnu11;
				GCC_DYNAMIC_NO_PIC = NO;
				GCC_NO_COMMON_BLOCKS = YES;
				GCC_OPTIMIZATION_LEVEL = 0;
				GCC_PREPROCESSOR_DEFINITIONS = (
					"DEBUG=1",
					"$(inherited)",
				);
				GCC_WARN_64_TO_32_BIT_CONVERSION = YES;
				GCC_WARN_ABOUT_RETURN_TYPE = YES_ERROR;
				GCC_WARN_UNDECLARED_SELECTOR = YES;
				GCC_WARN_UNINITIALIZED_AUTOS = YES_AGGRESSIVE;
				GCC_WARN_UNUSED_FUNCTION = YES;
				GCC_WARN_UNUSED_VARIABLE = YES;
				IPHONEOS_DEPLOYMENT_TARGET = 11.0;
				MTL_ENABLE_DEBUG_INFO = YES;
				ONLY_ACTIVE_ARCH = YES;
				SDKROOT = iphoneos;
			};
			name = Debug;
		};
		00B3898320883A7A00B668CA /* Release */ = {
			isa = XCBuildConfiguration;
			buildSettings = {
				ALWAYS_SEARCH_USER_PATHS = NO;
				CLANG_ANALYZER_NONNULL = YES;
				CLANG_ANALYZER_NUMBER_OBJECT_CONVERSION = YES_AGGRESSIVE;
				CLANG_CXX_LANGUAGE_STANDARD = "gnu++14";
				CLANG_CXX_LIBRARY = "libc++";
				CLANG_ENABLE_MODULES = YES;
				CLANG_ENABLE_OBJC_ARC = YES;
				CLANG_WARN_BLOCK_CAPTURE_AUTORELEASING = YES;
				CLANG_WARN_BOOL_CONVERSION = YES;
				CLANG_WARN_COMMA = YES;
				CLANG_WARN_CONSTANT_CONVERSION = YES;
				CLANG_WARN_DIRECT_OBJC_ISA_USAGE = YES_ERROR;
				CLANG_WARN_DOCUMENTATION_COMMENTS = YES;
				CLANG_WARN_EMPTY_BODY = YES;
				CLANG_WARN_ENUM_CONVERSION = YES;
				CLANG_WARN_INFINITE_RECURSION = YES;
				CLANG_WARN_INT_CONVERSION = YES;
				CLANG_WARN_NON_LITERAL_NULL_CONVERSION = YES;
				CLANG_WARN_OBJC_LITERAL_CONVERSION = YES;
				CLANG_WARN_OBJC_ROOT_CLASS = YES_ERROR;
				CLANG_WARN_RANGE_LOOP_ANALYSIS = YES;
				CLANG_WARN_STRICT_PROTOTYPES = YES;
				CLANG_WARN_SUSPICIOUS_MOVE = YES;
				CLANG_WARN_UNGUARDED_AVAILABILITY = YES_AGGRESSIVE;
				CLANG_WARN_UNREACHABLE_CODE = YES;
				CLANG_WARN__DUPLICATE_METHOD_MATCH = YES;
				CODE_SIGN_IDENTITY = "iPhone Developer";
				COPY_PHASE_STRIP = NO;
				DEBUG_INFORMATION_FORMAT = "dwarf-with-dsym";
				ENABLE_NS_ASSERTIONS = NO;
				ENABLE_STRICT_OBJC_MSGSEND = YES;
				GCC_C_LANGUAGE_STANDARD = gnu11;
				GCC_NO_COMMON_BLOCKS = YES;
				GCC_WARN_64_TO_32_BIT_CONVERSION = YES;
				GCC_WARN_ABOUT_RETURN_TYPE = YES_ERROR;
				GCC_WARN_UNDECLARED_SELECTOR = YES;
				GCC_WARN_UNINITIALIZED_AUTOS = YES_AGGRESSIVE;
				GCC_WARN_UNUSED_FUNCTION = YES;
				GCC_WARN_UNUSED_VARIABLE = YES;
				IPHONEOS_DEPLOYMENT_TARGET = 11.0;
				MTL_ENABLE_DEBUG_INFO = NO;
				SDKROOT = iphoneos;
				VALIDATE_PRODUCT = YES;
			};
			name = Release;
		};
		00B3898520883A7A00B668CA /* Debug */ = {
			isa = XCBuildConfiguration;
			baseConfigurationReference = 0C4606CCE7A4EBE0ACA62A1E /* Pods-LayoutTest.debug.xcconfig */;
			buildSettings = {
				ASSETCATALOG_COMPILER_APPICON_NAME = AppIcon;
				CODE_SIGN_STYLE = Automatic;
				INFOPLIST_FILE = LayoutTest/Info.plist;
				IPHONEOS_DEPLOYMENT_TARGET = 8.0;
				LD_RUNPATH_SEARCH_PATHS = "$(inherited) @executable_path/Frameworks";
				PRODUCT_BUNDLE_IDENTIFIER = com.congpc.ios.LayoutTest;
				PRODUCT_NAME = "$(TARGET_NAME)";
				TARGETED_DEVICE_FAMILY = "1,2";
			};
			name = Debug;
		};
		00B3898620883A7A00B668CA /* Release */ = {
			isa = XCBuildConfiguration;
			baseConfigurationReference = 1A166ED81BC24DEC3C3CF5A0 /* Pods-LayoutTest.release.xcconfig */;
			buildSettings = {
				ASSETCATALOG_COMPILER_APPICON_NAME = AppIcon;
				CODE_SIGN_STYLE = Automatic;
				INFOPLIST_FILE = LayoutTest/Info.plist;
				IPHONEOS_DEPLOYMENT_TARGET = 8.0;
				LD_RUNPATH_SEARCH_PATHS = "$(inherited) @executable_path/Frameworks";
				PRODUCT_BUNDLE_IDENTIFIER = com.congpc.ios.LayoutTest;
				PRODUCT_NAME = "$(TARGET_NAME)";
				TARGETED_DEVICE_FAMILY = "1,2";
			};
			name = Release;
		};
		00B3898820883A7A00B668CA /* Debug */ = {
			isa = XCBuildConfiguration;
			baseConfigurationReference = 8833C01FE2CB33B71560F1B7 /* Pods-LayoutTestTests.debug.xcconfig */;
			buildSettings = {
				BUNDLE_LOADER = "$(TEST_HOST)";
				CODE_SIGN_STYLE = Automatic;
				INFOPLIST_FILE = LayoutTestTests/Info.plist;
				LD_RUNPATH_SEARCH_PATHS = "$(inherited) @executable_path/Frameworks @loader_path/Frameworks";
				PRODUCT_BUNDLE_IDENTIFIER = com.congpc.ios.LayoutTestTests;
				PRODUCT_NAME = "$(TARGET_NAME)";
				TARGETED_DEVICE_FAMILY = "1,2";
				TEST_HOST = "$(BUILT_PRODUCTS_DIR)/LayoutTest.app/LayoutTest";
			};
			name = Debug;
		};
		00B3898920883A7A00B668CA /* Release */ = {
			isa = XCBuildConfiguration;
			baseConfigurationReference = 6809FEB8208051D17F99A062 /* Pods-LayoutTestTests.release.xcconfig */;
			buildSettings = {
				BUNDLE_LOADER = "$(TEST_HOST)";
				CODE_SIGN_STYLE = Automatic;
				INFOPLIST_FILE = LayoutTestTests/Info.plist;
				LD_RUNPATH_SEARCH_PATHS = "$(inherited) @executable_path/Frameworks @loader_path/Frameworks";
				PRODUCT_BUNDLE_IDENTIFIER = com.congpc.ios.LayoutTestTests;
				PRODUCT_NAME = "$(TARGET_NAME)";
				TARGETED_DEVICE_FAMILY = "1,2";
				TEST_HOST = "$(BUILT_PRODUCTS_DIR)/LayoutTest.app/LayoutTest";
			};
			name = Release;
		};
/* End XCBuildConfiguration section */

/* Begin XCConfigurationList section */
		00B3895E20883A7A00B668CA /* Build configuration list for PBXProject "LayoutTest" */ = {
			isa = XCConfigurationList;
			buildConfigurations = (
				00B3898220883A7A00B668CA /* Debug */,
				00B3898320883A7A00B668CA /* Release */,
			);
			defaultConfigurationIsVisible = 0;
			defaultConfigurationName = Release;
		};
		00B3898420883A7A00B668CA /* Build configuration list for PBXNativeTarget "LayoutTest" */ = {
			isa = XCConfigurationList;
			buildConfigurations = (
				00B3898520883A7A00B668CA /* Debug */,
				00B3898620883A7A00B668CA /* Release */,
			);
			defaultConfigurationIsVisible = 0;
			defaultConfigurationName = Release;
		};
		00B3898720883A7A00B668CA /* Build configuration list for PBXNativeTarget "LayoutTestTests" */ = {
			isa = XCConfigurationList;
			buildConfigurations = (
				00B3898820883A7A00B668CA /* Debug */,
				00B3898920883A7A00B668CA /* Release */,
			);
			defaultConfigurationIsVisible = 0;
			defaultConfigurationName = Release;
		};
/* End XCConfigurationList section */
	};
	rootObject = 00B3895B20883A7A00B668CA /* Project object */;
}
